
Microsoft Visual Studio Solution File, Format Version 12.00
# Visual Studio 2012
Project("{FAE04EC0-301F-11D3-BF4B-00C04F79EFBC}") = "BeamComponent", "BeamComponent\BeamComponent.csproj", "{37519376-A022-4DAB-8078-A85A399F8E48}"
EndProject
Project("{FAE04EC0-301F-11D3-BF4B-00C04F79EFBC}") = "GH_OOFEM", "GH_OOFEM\GH_OOFEM.csproj", "{62DF93AB-9D73-4A5D-ADED-84997E11F76A}"
EndProject
Global
	GlobalSection(SolutionConfigurationPlatforms) = preSolution
		Debug|Any CPU = Debug|Any CPU
		Debug64|Any CPU = Debug64|Any CPU
		Release|Any CPU = Release|Any CPU
	EndGlobalSection
	GlobalSection(ProjectConfigurationPlatforms) = postSolution
		{37519376-A022-4DAB-8078-A85A399F8E48}.Debug|Any CPU.ActiveCfg = Debug64|Any CPU
		{37519376-A022-4DAB-8078-A85A399F8E48}.Debug|Any CPU.Build.0 = Debug64|Any CPU
		{37519376-A022-4DAB-8078-A85A399F8E48}.Debug64|Any CPU.ActiveCfg = Debug64|Any CPU
		{37519376-A022-4DAB-8078-A85A399F8E48}.Debug64|Any CPU.Build.0 = Debug64|Any CPU
		{37519376-A022-4DAB-8078-A85A399F8E48}.Release|Any CPU.ActiveCfg = Release|Any CPU
		{37519376-A022-4DAB-8078-A85A399F8E48}.Release|Any CPU.Build.0 = Release|Any CPU
		{62DF93AB-9D73-4A5D-ADED-84997E11F76A}.Debug|Any CPU.ActiveCfg = Debug|Any CPU
		{62DF93AB-9D73-4A5D-ADED-84997E11F76A}.Debug|Any CPU.Build.0 = Debug|Any CPU
		{62DF93AB-9D73-4A5D-ADED-84997E11F76A}.Debug64|Any CPU.ActiveCfg = Debug|Any CPU
		{62DF93AB-9D73-4A5D-ADED-84997E11F76A}.Debug64|Any CPU.Build.0 = Debug|Any CPU
		{62DF93AB-9D73-4A5D-ADED-84997E11F76A}.Release|Any CPU.ActiveCfg = Release|Any CPU
		{62DF93AB-9D73-4A5D-ADED-84997E11F76A}.Release|Any CPU.Build.0 = Release|Any CPU
	EndGlobalSection
	GlobalSection(SolutionProperties) = preSolution
		HideSolutionNode = FALSE
	EndGlobalSection
EndGlobal
